
Microsoft Visual Studio Solution File, Format Version 12.00
# Visual Studio Version 17
VisualStudioVersion = 17.3.32929.385
MinimumVisualStudioVersion = 10.0.40219.1
Project("{FAE04EC0-301F-11D3-BF4B-00C04F79EFBC}") = "ProcessFocus", "ProcessFocus.csproj", "{A294DB12-4557-40D6-BD52-5D1F2230C3DD}"
EndProject
Global
	GlobalSection(SolutionConfigurationPlatforms) = preSolution
		Debug|Any CPU = Debug|Any CPU
		Release|Any CPU = Release|Any CPU
	EndGlobalSection
	GlobalSection(ProjectConfigurationPlatforms) = postSolution
		{A294DB12-4557-40D6-BD52-5D1F2230C3DD}.Debug|Any CPU.ActiveCfg = Debug|Any CPU
		{A294DB12-4557-40D6-BD52-5D1F2230C3DD}.Debug|Any CPU.Build.0 = Debug|Any CPU
		{A294DB12-4557-40D6-BD52-5D1F2230C3DD}.Release|Any CPU.ActiveCfg = Release|Any CPU
		{A294DB12-4557-40D6-BD52-5D1F2230C3DD}.Release|Any CPU.Build.0 = Release|Any CPU
	EndGlobalSection
	GlobalSection(SolutionProperties) = preSolution
		HideSolutionNode = FALSE
	EndGlobalSection
	GlobalSection(ExtensibilityGlobals) = postSolution
		SolutionGuid = {ED01F016-543F-47CD-B52D-12D74AFE8E69}
	EndGlobalSection
EndGlobal
